// !$*UTF8*$!
{
	archiveVersion = 1;
	classes = {
	};
	objectVersion = 77;
	objects = {

/* Begin PBXBuildFile section */
		1EE251582D18D0AD00766BD9 /* Dark Mode Extension.appex in Embed Foundation Extensions */ = {isa = PBXBuildFile; fileRef = 1EE251572D18D0AD00766BD9 /* Dark Mode Extension.appex */; settings = {ATTRIBUTES = (RemoveHeadersOnCopy, ); }; };
		1EE251622D18D0AD00766BD9 /* Dark Mode Extension.appex in Embed Foundation Extensions */ = {isa = PBXBuildFile; fileRef = 1EE251612D18D0AD00766BD9 /* Dark Mode Extension.appex */; settings = {ATTRIBUTES = (RemoveHeadersOnCopy, ); }; };
/* End PBXBuildFile section */

/* Begin PBXContainerItemProxy section */
		1EE251592D18D0AD00766BD9 /* PBXContainerItemProxy */ = {
			isa = PBXContainerItemProxy;
			containerPortal = 1EE2511D2D18D0AC00766BD9 /* Project object */;
			proxyType = 1;
			remoteGlobalIDString = 1EE251562D18D0AD00766BD9;
			remoteInfo = "Dark Mode Extension (iOS)";
		};
		1EE251632D18D0AD00766BD9 /* PBXContainerItemProxy */ = {
			isa = PBXContainerItemProxy;
			containerPortal = 1EE2511D2D18D0AC00766BD9 /* Project object */;
			proxyType = 1;
			remoteGlobalIDString = 1EE251602D18D0AD00766BD9;
			remoteInfo = "Dark Mode Extension (macOS)";
		};
/* End PBXContainerItemProxy section */

/* Begin PBXCopyFilesBuildPhase section */
		1EE2518B2D18D0AD00766BD9 /* Embed Foundation Extensions */ = {
			isa = PBXCopyFilesBuildPhase;
			buildActionMask = 2147483647;
			dstPath = "";
			dstSubfolderSpec = 13;
			files = (
				1EE251582D18D0AD00766BD9 /* Dark Mode Extension.appex in Embed Foundation Extensions */,
			);
			name = "Embed Foundation Extensions";
			runOnlyForDeploymentPostprocessing = 0;
		};
		1EE251952D18D0AD00766BD9 /* Embed Foundation Extensions */ = {
			isa = PBXCopyFilesBuildPhase;
			buildActionMask = 2147483647;
			dstPath = "";
			dstSubfolderSpec = 13;
			files = (
				1EE251622D18D0AD00766BD9 /* Dark Mode Extension.appex in Embed Foundation Extensions */,
			);
			name = "Embed Foundation Extensions";
			runOnlyForDeploymentPostprocessing = 0;
		};
/* End PBXCopyFilesBuildPhase section */

/* Begin PBXFileReference section */
		1EE251392D18D0AD00766BD9 /* Dark Mode.app */ = {isa = PBXFileReference; explicitFileType = wrapper.application; includeInIndex = 0; path = "Dark Mode.app"; sourceTree = BUILT_PRODUCTS_DIR; };
		1EE2514B2D18D0AD00766BD9 /* Dark Mode.app */ = {isa = PBXFileReference; explicitFileType = wrapper.application; includeInIndex = 0; path = "Dark Mode.app"; sourceTree = BUILT_PRODUCTS_DIR; };
		1EE251572D18D0AD00766BD9 /* Dark Mode Extension.appex */ = {isa = PBXFileReference; explicitFileType = "wrapper.app-extension"; includeInIndex = 0; path = "Dark Mode Extension.appex"; sourceTree = BUILT_PRODUCTS_DIR; };
		1EE251612D18D0AD00766BD9 /* Dark Mode Extension.appex */ = {isa = PBXFileReference; explicitFileType = "wrapper.app-extension"; includeInIndex = 0; path = "Dark Mode Extension.appex"; sourceTree = BUILT_PRODUCTS_DIR; };
/* End PBXFileReference section */

/* Begin PBXFileSystemSynchronizedBuildFileExceptionSet section */
		1EE251862D18D0AD00766BD9 /* Exceptions for "Shared (App)" folder in "Dark Mode (iOS)" target */ = {
			isa = PBXFileSystemSynchronizedBuildFileExceptionSet;
			membershipExceptions = (
				"/Localized: Resources/Main.html",
				Assets.xcassets,
				Resources/Icon.png,
				Resources/Script.js,
				Resources/Style.css,
				ViewController.swift,
			);
			target = 1EE251382D18D0AD00766BD9 /* Dark Mode (iOS) */;
		};
		1EE2518A2D18D0AD00766BD9 /* Exceptions for "iOS (Extension)" folder in "Dark Mode Extension (iOS)" target */ = {
			isa = PBXFileSystemSynchronizedBuildFileExceptionSet;
			membershipExceptions = (
				Info.plist,
			);
			target = 1EE251562D18D0AD00766BD9 /* Dark Mode Extension (iOS) */;
		};
		1EE2518F2D18D0AD00766BD9 /* Exceptions for "iOS (App)" folder in "Dark Mode (iOS)" target */ = {
			isa = PBXFileSystemSynchronizedBuildFileExceptionSet;
			membershipExceptions = (
				Info.plist,
			);
			target = 1EE251382D18D0AD00766BD9 /* Dark Mode (iOS) */;
		};
		1EE251902D18D0AD00766BD9 /* Exceptions for "Shared (App)" folder in "Dark Mode (macOS)" target */ = {
			isa = PBXFileSystemSynchronizedBuildFileExceptionSet;
			membershipExceptions = (
				"/Localized: Resources/Main.html",
				Assets.xcassets,
				Resources/Icon.png,
				Resources/Script.js,
				Resources/Style.css,
				ViewController.swift,
			);
			target = 1EE2514A2D18D0AD00766BD9 /* Dark Mode (macOS) */;
		};
		1EE251942D18D0AD00766BD9 /* Exceptions for "macOS (Extension)" folder in "Dark Mode Extension (macOS)" target */ = {
			isa = PBXFileSystemSynchronizedBuildFileExceptionSet;
			membershipExceptions = (
				Info.plist,
			);
			target = 1EE251602D18D0AD00766BD9 /* Dark Mode Extension (macOS) */;
		};
		1EE251992D18D0AD00766BD9 /* Exceptions for "Shared (Extension)" folder in "Dark Mode Extension (iOS)" target */ = {
			isa = PBXFileSystemSynchronizedBuildFileExceptionSet;
			membershipExceptions = (
				Resources/_locales,
				Resources/background.js,
				Resources/content.js,
				Resources/images,
				Resources/manifest.json,
				Resources/popup.css,
				Resources/popup.html,
				Resources/popup.js,
				SafariWebExtensionHandler.swift,
			);
			target = 1EE251562D18D0AD00766BD9 /* Dark Mode Extension (iOS) */;
		};
		1EE2519A2D18D0AD00766BD9 /* Exceptions for "Shared (Extension)" folder in "Dark Mode Extension (macOS)" target */ = {
			isa = PBXFileSystemSynchronizedBuildFileExceptionSet;
			membershipExceptions = (
				Resources/_locales,
				Resources/background.js,
				Resources/content.js,
				Resources/images,
				Resources/manifest.json,
				Resources/popup.css,
				Resources/popup.html,
				Resources/popup.js,
				SafariWebExtensionHandler.swift,
			);
			target = 1EE251602D18D0AD00766BD9 /* Dark Mode Extension (macOS) */;
		};
/* End PBXFileSystemSynchronizedBuildFileExceptionSet section */

/* Begin PBXFileSystemSynchronizedRootGroup section */
		1EE251212D18D0AD00766BD9 /* Shared (App) */ = {
			isa = PBXFileSystemSynchronizedRootGroup;
			exceptions = (
				1EE251862D18D0AD00766BD9 /* Exceptions for "Shared (App)" folder in "Dark Mode (iOS)" target */,
				1EE251902D18D0AD00766BD9 /* Exceptions for "Shared (App)" folder in "Dark Mode (macOS)" target */,
			);
			path = "Shared (App)";
			sourceTree = "<group>";
		};
		1EE2512A2D18D0AD00766BD9 /* Shared (Extension) */ = {
			isa = PBXFileSystemSynchronizedRootGroup;
			exceptions = (
				1EE251992D18D0AD00766BD9 /* Exceptions for "Shared (Extension)" folder in "Dark Mode Extension (iOS)" target */,
				1EE2519A2D18D0AD00766BD9 /* Exceptions for "Shared (Extension)" folder in "Dark Mode Extension (macOS)" target */,
			);
			explicitFolders = (
				Resources/_locales,
				Resources/images,
			);
			path = "Shared (Extension)";
			sourceTree = "<group>";
		};
		1EE2513B2D18D0AD00766BD9 /* iOS (App) */ = {
			isa = PBXFileSystemSynchronizedRootGroup;
			exceptions = (
				1EE2518F2D18D0AD00766BD9 /* Exceptions for "iOS (App)" folder in "Dark Mode (iOS)" target */,
			);
			path = "iOS (App)";
			sourceTree = "<group>";
		};
		1EE2514C2D18D0AD00766BD9 /* macOS (App) */ = {
			isa = PBXFileSystemSynchronizedRootGroup;
			path = "macOS (App)";
			sourceTree = "<group>";
		};
		1EE2515B2D18D0AD00766BD9 /* iOS (Extension) */ = {
			isa = PBXFileSystemSynchronizedRootGroup;
			exceptions = (
				1EE2518A2D18D0AD00766BD9 /* Exceptions for "iOS (Extension)" folder in "Dark Mode Extension (iOS)" target */,
			);
			path = "iOS (Extension)";
			sourceTree = "<group>";
		};
		1EE251652D18D0AD00766BD9 /* macOS (Extension) */ = {
			isa = PBXFileSystemSynchronizedRootGroup;
			exceptions = (
				1EE251942D18D0AD00766BD9 /* Exceptions for "macOS (Extension)" folder in "Dark Mode Extension (macOS)" target */,
			);
			path = "macOS (Extension)";
			sourceTree = "<group>";
		};
/* End PBXFileSystemSynchronizedRootGroup section */

/* Begin PBXFrameworksBuildPhase section */
		1EE251362D18D0AD00766BD9 /* Frameworks */ = {
			isa = PBXFrameworksBuildPhase;
			buildActionMask = 2147483647;
			files = (
			);
			runOnlyForDeploymentPostprocessing = 0;
		};
		1EE251482D18D0AD00766BD9 /* Frameworks */ = {
			isa = PBXFrameworksBuildPhase;
			buildActionMask = 2147483647;
			files = (
			);
			runOnlyForDeploymentPostprocessing = 0;
		};
		1EE251542D18D0AD00766BD9 /* Frameworks */ = {
			isa = PBXFrameworksBuildPhase;
			buildActionMask = 2147483647;
			files = (
			);
			runOnlyForDeploymentPostprocessing = 0;
		};
		1EE2515E2D18D0AD00766BD9 /* Frameworks */ = {
			isa = PBXFrameworksBuildPhase;
			buildActionMask = 2147483647;
			files = (
			);
			runOnlyForDeploymentPostprocessing = 0;
		};
/* End PBXFrameworksBuildPhase section */

/* Begin PBXGroup section */
		1EE2511C2D18D0AC00766BD9 = {
			isa = PBXGroup;
			children = (
				1EE251212D18D0AD00766BD9 /* Shared (App) */,
				1EE2512A2D18D0AD00766BD9 /* Shared (Extension) */,
				1EE2513B2D18D0AD00766BD9 /* iOS (App) */,
				1EE2514C2D18D0AD00766BD9 /* macOS (App) */,
				1EE2515B2D18D0AD00766BD9 /* iOS (Extension) */,
				1EE251652D18D0AD00766BD9 /* macOS (Extension) */,
				1EE2513A2D18D0AD00766BD9 /* Products */,
			);
			sourceTree = "<group>";
		};
		1EE2513A2D18D0AD00766BD9 /* Products */ = {
			isa = PBXGroup;
			children = (
				1EE251392D18D0AD00766BD9 /* Dark Mode.app */,
				1EE2514B2D18D0AD00766BD9 /* Dark Mode.app */,
				1EE251572D18D0AD00766BD9 /* Dark Mode Extension.appex */,
				1EE251612D18D0AD00766BD9 /* Dark Mode Extension.appex */,
			);
			name = Products;
			sourceTree = "<group>";
		};
/* End PBXGroup section */

/* Begin PBXNativeTarget section */
		1EE251382D18D0AD00766BD9 /* Dark Mode (iOS) */ = {
			isa = PBXNativeTarget;
			buildConfigurationList = 1EE2518C2D18D0AD00766BD9 /* Build configuration list for PBXNativeTarget "Dark Mode (iOS)" */;
			buildPhases = (
				1EE251352D18D0AD00766BD9 /* Sources */,
				1EE251362D18D0AD00766BD9 /* Frameworks */,
				1EE251372D18D0AD00766BD9 /* Resources */,
				1EE2518B2D18D0AD00766BD9 /* Embed Foundation Extensions */,
			);
			buildRules = (
			);
			dependencies = (
				1EE2515A2D18D0AD00766BD9 /* PBXTargetDependency */,
			);
			fileSystemSynchronizedGroups = (
				1EE2513B2D18D0AD00766BD9 /* iOS (App) */,
			);
			name = "Dark Mode (iOS)";
			packageProductDependencies = (
			);
			productName = "Dark Mode (iOS)";
			productReference = 1EE251392D18D0AD00766BD9 /* Dark Mode.app */;
			productType = "com.apple.product-type.application";
		};
		1EE2514A2D18D0AD00766BD9 /* Dark Mode (macOS) */ = {
			isa = PBXNativeTarget;
			buildConfigurationList = 1EE251962D18D0AD00766BD9 /* Build configuration list for PBXNativeTarget "Dark Mode (macOS)" */;
			buildPhases = (
				1EE251472D18D0AD00766BD9 /* Sources */,
				1EE251482D18D0AD00766BD9 /* Frameworks */,
				1EE251492D18D0AD00766BD9 /* Resources */,
				1EE251952D18D0AD00766BD9 /* Embed Foundation Extensions */,
			);
			buildRules = (
			);
			dependencies = (
				1EE251642D18D0AD00766BD9 /* PBXTargetDependency */,
			);
			fileSystemSynchronizedGroups = (
				1EE2514C2D18D0AD00766BD9 /* macOS (App) */,
			);
			name = "Dark Mode (macOS)";
			packageProductDependencies = (
			);
			productName = "Dark Mode (macOS)";
			productReference = 1EE2514B2D18D0AD00766BD9 /* Dark Mode.app */;
			productType = "com.apple.product-type.application";
		};
		1EE251562D18D0AD00766BD9 /* Dark Mode Extension (iOS) */ = {
			isa = PBXNativeTarget;
			buildConfigurationList = 1EE251872D18D0AD00766BD9 /* Build configuration list for PBXNativeTarget "Dark Mode Extension (iOS)" */;
			buildPhases = (
				1EE251532D18D0AD00766BD9 /* Sources */,
				1EE251542D18D0AD00766BD9 /* Frameworks */,
				1EE251552D18D0AD00766BD9 /* Resources */,
			);
			buildRules = (
			);
			dependencies = (
			);
			fileSystemSynchronizedGroups = (
				1EE2515B2D18D0AD00766BD9 /* iOS (Extension) */,
			);
			name = "Dark Mode Extension (iOS)";
			packageProductDependencies = (
			);
			productName = "Dark Mode Extension (iOS)";
			productReference = 1EE251572D18D0AD00766BD9 /* Dark Mode Extension.appex */;
			productType = "com.apple.product-type.app-extension";
		};
		1EE251602D18D0AD00766BD9 /* Dark Mode Extension (macOS) */ = {
			isa = PBXNativeTarget;
			buildConfigurationList = 1EE251912D18D0AD00766BD9 /* Build configuration list for PBXNativeTarget "Dark Mode Extension (macOS)" */;
			buildPhases = (
				1EE2515D2D18D0AD00766BD9 /* Sources */,
				1EE2515E2D18D0AD00766BD9 /* Frameworks */,
				1EE2515F2D18D0AD00766BD9 /* Resources */,
			);
			buildRules = (
			);
			dependencies = (
			);
			fileSystemSynchronizedGroups = (
				1EE251652D18D0AD00766BD9 /* macOS (Extension) */,
			);
			name = "Dark Mode Extension (macOS)";
			packageProductDependencies = (
			);
			productName = "Dark Mode Extension (macOS)";
			productReference = 1EE251612D18D0AD00766BD9 /* Dark Mode Extension.appex */;
			productType = "com.apple.product-type.app-extension";
		};
/* End PBXNativeTarget section */

/* Begin PBXProject section */
		1EE2511D2D18D0AC00766BD9 /* Project object */ = {
			isa = PBXProject;
			attributes = {
				BuildIndependentTargetsInParallel = 1;
				LastSwiftUpdateCheck = 1620;
				LastUpgradeCheck = 1620;
				TargetAttributes = {
					1EE251382D18D0AD00766BD9 = {
						CreatedOnToolsVersion = 16.2;
					};
					1EE2514A2D18D0AD00766BD9 = {
						CreatedOnToolsVersion = 16.2;
					};
					1EE251562D18D0AD00766BD9 = {
						CreatedOnToolsVersion = 16.2;
					};
					1EE251602D18D0AD00766BD9 = {
						CreatedOnToolsVersion = 16.2;
					};
				};
			};
			buildConfigurationList = 1EE251202D18D0AC00766BD9 /* Build configuration list for PBXProject "Dark Mode" */;
			developmentRegion = en;
			hasScannedForEncodings = 0;
			knownRegions = (
				en,
				Base,
			);
			mainGroup = 1EE2511C2D18D0AC00766BD9;
			minimizedProjectReferenceProxies = 1;
			preferredProjectObjectVersion = 77;
			productRefGroup = 1EE2513A2D18D0AD00766BD9 /* Products */;
			projectDirPath = "";
			projectRoot = "";
			targets = (
				1EE251382D18D0AD00766BD9 /* Dark Mode (iOS) */,
				1EE2514A2D18D0AD00766BD9 /* Dark Mode (macOS) */,
				1EE251562D18D0AD00766BD9 /* Dark Mode Extension (iOS) */,
				1EE251602D18D0AD00766BD9 /* Dark Mode Extension (macOS) */,
			);
		};
/* End PBXProject section */

/* Begin PBXResourcesBuildPhase section */
		1EE251372D18D0AD00766BD9 /* Resources */ = {
			isa = PBXResourcesBuildPhase;
			buildActionMask = 2147483647;
			files = (
			);
			runOnlyForDeploymentPostprocessing = 0;
		};
		1EE251492D18D0AD00766BD9 /* Resources */ = {
			isa = PBXResourcesBuildPhase;
			buildActionMask = 2147483647;
			files = (
			);
			runOnlyForDeploymentPostprocessing = 0;
		};
		1EE251552D18D0AD00766BD9 /* Resources */ = {
			isa = PBXResourcesBuildPhase;
			buildActionMask = 2147483647;
			files = (
			);
			runOnlyForDeploymentPostprocessing = 0;
		};
		1EE2515F2D18D0AD00766BD9 /* Resources */ = {
			isa = PBXResourcesBuildPhase;
			buildActionMask = 2147483647;
			files = (
			);
			runOnlyForDeploymentPostprocessing = 0;
		};
/* End PBXResourcesBuildPhase section */

/* Begin PBXSourcesBuildPhase section */
		1EE251352D18D0AD00766BD9 /* Sources */ = {
			isa = PBXSourcesBuildPhase;
			buildActionMask = 2147483647;
			files = (
			);
			runOnlyForDeploymentPostprocessing = 0;
		};
		1EE251472D18D0AD00766BD9 /* Sources */ = {
			isa = PBXSourcesBuildPhase;
			buildActionMask = 2147483647;
			files = (
			);
			runOnlyForDeploymentPostprocessing = 0;
		};
		1EE251532D18D0AD00766BD9 /* Sources */ = {
			isa = PBXSourcesBuildPhase;
			buildActionMask = 2147483647;
			files = (
			);
			runOnlyForDeploymentPostprocessing = 0;
		};
		1EE2515D2D18D0AD00766BD9 /* Sources */ = {
			isa = PBXSourcesBuildPhase;
			buildActionMask = 2147483647;
			files = (
			);
			runOnlyForDeploymentPostprocessing = 0;
		};
/* End PBXSourcesBuildPhase section */

/* Begin PBXTargetDependency section */
		1EE2515A2D18D0AD00766BD9 /* PBXTargetDependency */ = {
			isa = PBXTargetDependency;
			target = 1EE251562D18D0AD00766BD9 /* Dark Mode Extension (iOS) */;
			targetProxy = 1EE251592D18D0AD00766BD9 /* PBXContainerItemProxy */;
		};
		1EE251642D18D0AD00766BD9 /* PBXTargetDependency */ = {
			isa = PBXTargetDependency;
			target = 1EE251602D18D0AD00766BD9 /* Dark Mode Extension (macOS) */;
			targetProxy = 1EE251632D18D0AD00766BD9 /* PBXContainerItemProxy */;
		};
/* End PBXTargetDependency section */

/* Begin XCBuildConfiguration section */
		1EE251882D18D0AD00766BD9 /* Debug */ = {
			isa = XCBuildConfiguration;
			buildSettings = {
				CODE_SIGN_STYLE = Automatic;
				CURRENT_PROJECT_VERSION = 1;
				DEVELOPMENT_TEAM = 647BH2G39G;
				GENERATE_INFOPLIST_FILE = YES;
				INFOPLIST_FILE = "iOS (Extension)/Info.plist";
				INFOPLIST_KEY_CFBundleDisplayName = "Dark Mode Extension";
				INFOPLIST_KEY_NSHumanReadableCopyright = "";
				IPHONEOS_DEPLOYMENT_TARGET = 15.0;
				LD_RUNPATH_SEARCH_PATHS = (
					"$(inherited)",
					"@executable_path/Frameworks",
					"@executable_path/../../Frameworks",
				);
				MARKETING_VERSION = 1.0;
				OTHER_LDFLAGS = (
					"-framework",
					SafariServices,
				);
				PRODUCT_BUNDLE_IDENTIFIER = "com.Daois.Dark-Mode.Extension";
				PRODUCT_NAME = "Dark Mode Extension";
				SDKROOT = iphoneos;
				SKIP_INSTALL = YES;
				SWIFT_EMIT_LOC_STRINGS = YES;
				SWIFT_VERSION = 5.0;
				TARGETED_DEVICE_FAMILY = "1,2";
			};
			name = Debug;
		};
		1EE251892D18D0AD00766BD9 /* Release */ = {
			isa = XCBuildConfiguration;
			buildSettings = {
				CODE_SIGN_STYLE = Automatic;
				CURRENT_PROJECT_VERSION = 1;
				DEVELOPMENT_TEAM = 647BH2G39G;
				GENERATE_INFOPLIST_FILE = YES;
				INFOPLIST_FILE = "iOS (Extension)/Info.plist";
				INFOPLIST_KEY_CFBundleDisplayName = "Dark Mode Extension";
				INFOPLIST_KEY_NSHumanReadableCopyright = "";
				IPHONEOS_DEPLOYMENT_TARGET = 15.0;
				LD_RUNPATH_SEARCH_PATHS = (
					"$(inherited)",
					"@executable_path/Frameworks",
					"@executable_path/../../Frameworks",
				);
				MARKETING_VERSION = 1.0;
				OTHER_LDFLAGS = (
					"-framework",
					SafariServices,
				);
				PRODUCT_BUNDLE_IDENTIFIER = "com.Daois.Dark-Mode.Extension";
				PRODUCT_NAME = "Dark Mode Extension";
				SDKROOT = iphoneos;
				SKIP_INSTALL = YES;
				SWIFT_EMIT_LOC_STRINGS = YES;
				SWIFT_VERSION = 5.0;
				TARGETED_DEVICE_FAMILY = "1,2";
				VALIDATE_PRODUCT = YES;
			};
			name = Release;
		};
		1EE2518D2D18D0AD00766BD9 /* Debug */ = {
			isa = XCBuildConfiguration;
			buildSettings = {
				ASSETCATALOG_COMPILER_APPICON_NAME = AppIcon;
				ASSETCATALOG_COMPILER_GLOBAL_ACCENT_COLOR_NAME = AccentColor;
				CODE_SIGN_STYLE = Automatic;
				CURRENT_PROJECT_VERSION = 1;
				DEVELOPMENT_TEAM = 647BH2G39G;
				GENERATE_INFOPLIST_FILE = YES;
				INFOPLIST_FILE = "iOS (App)/Info.plist";
				INFOPLIST_KEY_CFBundleDisplayName = "Dark Mode";
				INFOPLIST_KEY_UIApplicationSupportsIndirectInputEvents = YES;
				INFOPLIST_KEY_UILaunchStoryboardName = LaunchScreen;
				INFOPLIST_KEY_UIMainStoryboardFile = Main;
				INFOPLIST_KEY_UISupportedInterfaceOrientations = "UIInterfaceOrientationPortrait UIInterfaceOrientationLandscapeLeft UIInterfaceOrientationLandscapeRight";
				INFOPLIST_KEY_UISupportedInterfaceOrientations_iPad = "UIInterfaceOrientationPortrait UIInterfaceOrientationPortraitUpsideDown UIInterfaceOrientationLandscapeLeft UIInterfaceOrientationLandscapeRight";
				IPHONEOS_DEPLOYMENT_TARGET = 15.0;
				LD_RUNPATH_SEARCH_PATHS = (
					"$(inherited)",
					"@executable_path/Frameworks",
				);
				MARKETING_VERSION = 1.0;
				OTHER_LDFLAGS = (
					"-framework",
					SafariServices,
					"-framework",
					WebKit,
				);
				PRODUCT_BUNDLE_IDENTIFIER = "com.Daois.Dark-Mode";
				PRODUCT_NAME = "Dark Mode";
				SDKROOT = iphoneos;
				SWIFT_EMIT_LOC_STRINGS = YES;
				SWIFT_VERSION = 5.0;
				TARGETED_DEVICE_FAMILY = "1,2";
			};
			name = Debug;
		};
		1EE2518E2D18D0AD00766BD9 /* Release */ = {
			isa = XCBuildConfiguration;
			buildSettings = {
				ASSETCATALOG_COMPILER_APPICON_NAME = AppIcon;
				ASSETCATALOG_COMPILER_GLOBAL_ACCENT_COLOR_NAME = AccentColor;
				CODE_SIGN_STYLE = Automatic;
				CURRENT_PROJECT_VERSION = 1;
				DEVELOPMENT_TEAM = 647BH2G39G;
				GENERATE_INFOPLIST_FILE = YES;
				INFOPLIST_FILE = "iOS (App)/Info.plist";
				INFOPLIST_KEY_CFBundleDisplayName = "Dark Mode";
				INFOPLIST_KEY_UIApplicationSupportsIndirectInputEvents = YES;
				INFOPLIST_KEY_UILaunchStoryboardName = LaunchScreen;
				INFOPLIST_KEY_UIMainStoryboardFile = Main;
				INFOPLIST_KEY_UISupportedInterfaceOrientations = "UIInterfaceOrientationPortrait UIInterfaceOrientationLandscapeLeft UIInterfaceOrientationLandscapeRight";
				INFOPLIST_KEY_UISupportedInterfaceOrientations_iPad = "UIInterfaceOrientationPortrait UIInterfaceOrientationPortraitUpsideDown UIInterfaceOrientationLandscapeLeft UIInterfaceOrientationLandscapeRight";
				IPHONEOS_DEPLOYMENT_TARGET = 15.0;
				LD_RUNPATH_SEARCH_PATHS = (
					"$(inherited)",
					"@executable_path/Frameworks",
				);
				MARKETING_VERSION = 1.0;
				OTHER_LDFLAGS = (
					"-framework",
					SafariServices,
					"-framework",
					WebKit,
				);
				PRODUCT_BUNDLE_IDENTIFIER = "com.Daois.Dark-Mode";
				PRODUCT_NAME = "Dark Mode";
				SDKROOT = iphoneos;
				SWIFT_EMIT_LOC_STRINGS = YES;
				SWIFT_VERSION = 5.0;
				TARGETED_DEVICE_FAMILY = "1,2";
				VALIDATE_PRODUCT = YES;
			};
			name = Release;
		};
		1EE251922D18D0AD00766BD9 /* Debug */ = {
			isa = XCBuildConfiguration;
			buildSettings = {
				CODE_SIGN_ENTITLEMENTS = "macOS (Extension)/Dark Mode.entitlements";
				CODE_SIGN_STYLE = Automatic;
				CURRENT_PROJECT_VERSION = 1;
				DEVELOPMENT_TEAM = 647BH2G39G;
				ENABLE_HARDENED_RUNTIME = YES;
				GENERATE_INFOPLIST_FILE = YES;
				INFOPLIST_FILE = "macOS (Extension)/Info.plist";
				INFOPLIST_KEY_CFBundleDisplayName = "Dark Mode Extension";
				INFOPLIST_KEY_NSHumanReadableCopyright = "";
				LD_RUNPATH_SEARCH_PATHS = (
					"$(inherited)",
					"@executable_path/../Frameworks",
					"@executable_path/../../../../Frameworks",
				);
				MACOSX_DEPLOYMENT_TARGET = 10.14;
				MARKETING_VERSION = 1.0;
				OTHER_LDFLAGS = (
					"-framework",
					SafariServices,
				);
				PRODUCT_BUNDLE_IDENTIFIER = "com.Daois.Dark-Mode.Extension";
				PRODUCT_NAME = "Dark Mode Extension";
				SDKROOT = macosx;
				SKIP_INSTALL = YES;
				SWIFT_EMIT_LOC_STRINGS = YES;
				SWIFT_VERSION = 5.0;
			};
			name = Debug;
		};
		1EE251932D18D0AD00766BD9 /* Release */ = {
			isa = XCBuildConfiguration;
			buildSettings = {
				CODE_SIGN_ENTITLEMENTS = "macOS (Extension)/Dark Mode.entitlements";
				CODE_SIGN_STYLE = Automatic;
				CURRENT_PROJECT_VERSION = 1;
				DEVELOPMENT_TEAM = 647BH2G39G;
				ENABLE_HARDENED_RUNTIME = YES;
				GENERATE_INFOPLIST_FILE = YES;
				INFOPLIST_FILE = "macOS (Extension)/Info.plist";
				INFOPLIST_KEY_CFBundleDisplayName = "Dark Mode Extension";
				INFOPLIST_KEY_NSHumanReadableCopyright = "";
				LD_RUNPATH_SEARCH_PATHS = (
					"$(inherited)",
					"@executable_path/../Frameworks",
					"@executable_path/../../../../Frameworks",
				);
				MACOSX_DEPLOYMENT_TARGET = 10.14;
				MARKETING_VERSION = 1.0;
				OTHER_LDFLAGS = (
					"-framework",
					SafariServices,
				);
				PRODUCT_BUNDLE_IDENTIFIER = "com.Daois.Dark-Mode.Extension";
				PRODUCT_NAME = "Dark Mode Extension";
				SDKROOT = macosx;
				SKIP_INSTALL = YES;
				SWIFT_EMIT_LOC_STRINGS = YES;
				SWIFT_VERSION = 5.0;
			};
			name = Release;
		};
		1EE251972D18D0AD00766BD9 /* Debug */ = {
			isa = XCBuildConfiguration;
			buildSettings = {
				ASSETCATALOG_COMPILER_APPICON_NAME = AppIcon;
				ASSETCATALOG_COMPILER_GLOBAL_ACCENT_COLOR_NAME = AccentColor;
				CODE_SIGN_ENTITLEMENTS = "macOS (App)/Dark Mode.entitlements";
				CODE_SIGN_STYLE = Automatic;
				CURRENT_PROJECT_VERSION = 1;
				DEVELOPMENT_TEAM = 647BH2G39G;
				ENABLE_HARDENED_RUNTIME = YES;
				GENERATE_INFOPLIST_FILE = YES;
				INFOPLIST_KEY_CFBundleDisplayName = "Dark Mode";
				INFOPLIST_KEY_NSMainStoryboardFile = Main;
				INFOPLIST_KEY_NSPrincipalClass = NSApplication;
				LD_RUNPATH_SEARCH_PATHS = (
					"$(inherited)",
					"@executable_path/../Frameworks",
				);
				MACOSX_DEPLOYMENT_TARGET = 10.14;
				MARKETING_VERSION = 1.0;
				OTHER_LDFLAGS = (
					"-framework",
					SafariServices,
					"-framework",
					WebKit,
				);
				PRODUCT_BUNDLE_IDENTIFIER = "com.Daois.Dark-Mode";
				PRODUCT_NAME = "Dark Mode";
				SDKROOT = macosx;
				SWIFT_EMIT_LOC_STRINGS = YES;
				SWIFT_VERSION = 5.0;
			};
			name = Debug;
		};
		1EE251982D18D0AD00766BD9 /* Release */ = {
			isa = XCBuildConfiguration;
			buildSettings = {
				ASSETCATALOG_COMPILER_APPICON_NAME = AppIcon;
				ASSETCATALOG_COMPILER_GLOBAL_ACCENT_COLOR_NAME = AccentColor;
				CODE_SIGN_ENTITLEMENTS = "macOS (App)/Dark Mode.entitlements";
				CODE_SIGN_STYLE = Automatic;
				CURRENT_PROJECT_VERSION = 1;
				DEVELOPMENT_TEAM = 647BH2G39G;
				ENABLE_HARDENED_RUNTIME = YES;
				GENERATE_INFOPLIST_FILE = YES;
				INFOPLIST_KEY_CFBundleDisplayName = "Dark Mode";
				INFOPLIST_KEY_NSMainStoryboardFile = Main;
				INFOPLIST_KEY_NSPrincipalClass = NSApplication;
				LD_RUNPATH_SEARCH_PATHS = (
					"$(inherited)",
					"@executable_path/../Frameworks",
				);
				MACOSX_DEPLOYMENT_TARGET = 10.14;
				MARKETING_VERSION = 1.0;
				OTHER_LDFLAGS = (
					"-framework",
					SafariServices,
					"-framework",
					WebKit,
				);
				PRODUCT_BUNDLE_IDENTIFIER = "com.Daois.Dark-Mode";
				PRODUCT_NAME = "Dark Mode";
				SDKROOT = macosx;
				SWIFT_EMIT_LOC_STRINGS = YES;
				SWIFT_VERSION = 5.0;
			};
			name = Release;
		};
		1EE2519B2D18D0AD00766BD9 /* Debug */ = {
			isa = XCBuildConfiguration;
			buildSettings = {
				ALWAYS_SEARCH_USER_PATHS = NO;
				ASSETCATALOG_COMPILER_GENERATE_SWIFT_ASSET_SYMBOL_EXTENSIONS = YES;
				CLANG_ANALYZER_NONNULL = YES;
				CLANG_ANALYZER_NUMBER_OBJECT_CONVERSION = YES_AGGRESSIVE;
				CLANG_CXX_LANGUAGE_STANDARD = "gnu++20";
				CLANG_ENABLE_MODULES = YES;
				CLANG_ENABLE_OBJC_ARC = YES;
				CLANG_ENABLE_OBJC_WEAK = YES;
				CLANG_WARN_BLOCK_CAPTURE_AUTORELEASING = YES;
				CLANG_WARN_BOOL_CONVERSION = YES;
				CLANG_WARN_COMMA = YES;
				CLANG_WARN_CONSTANT_CONVERSION = YES;
				CLANG_WARN_DEPRECATED_OBJC_IMPLEMENTATIONS = YES;
				CLANG_WARN_DIRECT_OBJC_ISA_USAGE = YES_ERROR;
				CLANG_WARN_DOCUMENTATION_COMMENTS = YES;
				CLANG_WARN_EMPTY_BODY = YES;
				CLANG_WARN_ENUM_CONVERSION = YES;
				CLANG_WARN_INFINITE_RECURSION = YES;
				CLANG_WARN_INT_CONVERSION = YES;
				CLANG_WARN_NON_LITERAL_NULL_CONVERSION = YES;
				CLANG_WARN_OBJC_IMPLICIT_RETAIN_SELF = YES;
				CLANG_WARN_OBJC_LITERAL_CONVERSION = YES;
				CLANG_WARN_OBJC_ROOT_CLASS = YES_ERROR;
				CLANG_WARN_QUOTED_INCLUDE_IN_FRAMEWORK_HEADER = YES;
				CLANG_WARN_RANGE_LOOP_ANALYSIS = YES;
				CLANG_WARN_STRICT_PROTOTYPES = YES;
				CLANG_WARN_SUSPICIOUS_MOVE = YES;
				CLANG_WARN_UNGUARDED_AVAILABILITY = YES_AGGRESSIVE;
				CLANG_WARN_UNREACHABLE_CODE = YES;
				CLANG_WARN__DUPLICATE_METHOD_MATCH = YES;
				COPY_PHASE_STRIP = NO;
				DEBUG_INFORMATION_FORMAT = dwarf;
				ENABLE_STRICT_OBJC_MSGSEND = YES;
				ENABLE_TESTABILITY = YES;
				ENABLE_USER_SCRIPT_SANDBOXING = YES;
				GCC_C_LANGUAGE_STANDARD = gnu17;
				GCC_DYNAMIC_NO_PIC = NO;
				GCC_NO_COMMON_BLOCKS = YES;
				GCC_OPTIMIZATION_LEVEL = 0;
				GCC_PREPROCESSOR_DEFINITIONS = (
					"DEBUG=1",
					"$(inherited)",
				);
				GCC_WARN_64_TO_32_BIT_CONVERSION = YES;
				GCC_WARN_ABOUT_RETURN_TYPE = YES_ERROR;
				GCC_WARN_UNDECLARED_SELECTOR = YES;
				GCC_WARN_UNINITIALIZED_AUTOS = YES_AGGRESSIVE;
				GCC_WARN_UNUSED_FUNCTION = YES;
				GCC_WARN_UNUSED_VARIABLE = YES;
				LOCALIZATION_PREFERS_STRING_CATALOGS = YES;
				MTL_ENABLE_DEBUG_INFO = INCLUDE_SOURCE;
				MTL_FAST_MATH = YES;
				ONLY_ACTIVE_ARCH = YES;
				SWIFT_ACTIVE_COMPILATION_CONDITIONS = "DEBUG $(inherited)";
				SWIFT_OPTIMIZATION_LEVEL = "-Onone";
			};
			name = Debug;
		};
		1EE2519C2D18D0AD00766BD9 /* Release */ = {
			isa = XCBuildConfiguration;
			buildSettings = {
				ALWAYS_SEARCH_USER_PATHS = NO;
				ASSETCATALOG_COMPILER_GENERATE_SWIFT_ASSET_SYMBOL_EXTENSIONS = YES;
				CLANG_ANALYZER_NONNULL = YES;
				CLANG_ANALYZER_NUMBER_OBJECT_CONVERSION = YES_AGGRESSIVE;
				CLANG_CXX_LANGUAGE_STANDARD = "gnu++20";
				CLANG_ENABLE_MODULES = YES;
				CLANG_ENABLE_OBJC_ARC = YES;
				CLANG_ENABLE_OBJC_WEAK = YES;
				CLANG_WARN_BLOCK_CAPTURE_AUTORELEASING = YES;
				CLANG_WARN_BOOL_CONVERSION = YES;
				CLANG_WARN_COMMA = YES;
				CLANG_WARN_CONSTANT_CONVERSION = YES;
				CLANG_WARN_DEPRECATED_OBJC_IMPLEMENTATIONS = YES;
				CLANG_WARN_DIRECT_OBJC_ISA_USAGE = YES_ERROR;
				CLANG_WARN_DOCUMENTATION_COMMENTS = YES;
				CLANG_WARN_EMPTY_BODY = YES;
				CLANG_WARN_ENUM_CONVERSION = YES;
				CLANG_WARN_INFINITE_RECURSION = YES;
				CLANG_WARN_INT_CONVERSION = YES;
				CLANG_WARN_NON_LITERAL_NULL_CONVERSION = YES;
				CLANG_WARN_OBJC_IMPLICIT_RETAIN_SELF = YES;
				CLANG_WARN_OBJC_LITERAL_CONVERSION = YES;
				CLANG_WARN_OBJC_ROOT_CLASS = YES_ERROR;
				CLANG_WARN_QUOTED_INCLUDE_IN_FRAMEWORK_HEADER = YES;
				CLANG_WARN_RANGE_LOOP_ANALYSIS = YES;
				CLANG_WARN_STRICT_PROTOTYPES = YES;
				CLANG_WARN_SUSPICIOUS_MOVE = YES;
				CLANG_WARN_UNGUARDED_AVAILABILITY = YES_AGGRESSIVE;
				CLANG_WARN_UNREACHABLE_CODE = YES;
				CLANG_WARN__DUPLICATE_METHOD_MATCH = YES;
				COPY_PHASE_STRIP = NO;
				DEBUG_INFORMATION_FORMAT = "dwarf-with-dsym";
				ENABLE_NS_ASSERTIONS = NO;
				ENABLE_STRICT_OBJC_MSGSEND = YES;
				ENABLE_USER_SCRIPT_SANDBOXING = YES;
				GCC_C_LANGUAGE_STANDARD = gnu17;
				GCC_NO_COMMON_BLOCKS = YES;
				GCC_WARN_64_TO_32_BIT_CONVERSION = YES;
				GCC_WARN_ABOUT_RETURN_TYPE = YES_ERROR;
				GCC_WARN_UNDECLARED_SELECTOR = YES;
				GCC_WARN_UNINITIALIZED_AUTOS = YES_AGGRESSIVE;
				GCC_WARN_UNUSED_FUNCTION = YES;
				GCC_WARN_UNUSED_VARIABLE = YES;
				LOCALIZATION_PREFERS_STRING_CATALOGS = YES;
				MTL_ENABLE_DEBUG_INFO = NO;
				MTL_FAST_MATH = YES;
				SWIFT_COMPILATION_MODE = wholemodule;
			};
			name = Release;
		};
/* End XCBuildConfiguration section */

/* Begin XCConfigurationList section */
		1EE251202D18D0AC00766BD9 /* Build configuration list for PBXProject "Dark Mode" */ = {
			isa = XCConfigurationList;
			buildConfigurations = (
				1EE2519B2D18D0AD00766BD9 /* Debug */,
				1EE2519C2D18D0AD00766BD9 /* Release */,
			);
			defaultConfigurationIsVisible = 0;
			defaultConfigurationName = Release;
		};
		1EE251872D18D0AD00766BD9 /* Build configuration list for PBXNativeTarget "Dark Mode Extension (iOS)" */ = {
			isa = XCConfigurationList;
			buildConfigurations = (
				1EE251882D18D0AD00766BD9 /* Debug */,
				1EE251892D18D0AD00766BD9 /* Release */,
			);
			defaultConfigurationIsVisible = 0;
			defaultConfigurationName = Release;
		};
		1EE2518C2D18D0AD00766BD9 /* Build configuration list for PBXNativeTarget "Dark Mode (iOS)" */ = {
			isa = XCConfigurationList;
			buildConfigurations = (
				1EE2518D2D18D0AD00766BD9 /* Debug */,
				1EE2518E2D18D0AD00766BD9 /* Release */,
			);
			defaultConfigurationIsVisible = 0;
			defaultConfigurationName = Release;
		};
		1EE251912D18D0AD00766BD9 /* Build configuration list for PBXNativeTarget "Dark Mode Extension (macOS)" */ = {
			isa = XCConfigurationList;
			buildConfigurations = (
				1EE251922D18D0AD00766BD9 /* Debug */,
				1EE251932D18D0AD00766BD9 /* Release */,
			);
			defaultConfigurationIsVisible = 0;
			defaultConfigurationName = Release;
		};
		1EE251962D18D0AD00766BD9 /* Build configuration list for PBXNativeTarget "Dark Mode (macOS)" */ = {
			isa = XCConfigurationList;
			buildConfigurations = (
				1EE251972D18D0AD00766BD9 /* Debug */,
				1EE251982D18D0AD00766BD9 /* Release */,
			);
			defaultConfigurationIsVisible = 0;
			defaultConfigurationName = Release;
		};
/* End XCConfigurationList section */
	};
	rootObject = 1EE2511D2D18D0AC00766BD9 /* Project object */;
}
